
Microsoft Visual Studio Solution File, Format Version 12.00
# Visual Studio Version 16
VisualStudioVersion = 16.0.29001.49
MinimumVisualStudioVersion = 10.0.40219.1
Project("{FAE04EC0-301F-11D3-BF4B-00C04F79EFBC}") = "forces", "forces\forces.csproj", "{84E05149-5767-4DFF-98A4-03D98872A318}"
EndProject
Global
	GlobalSection(SolutionConfigurationPlatforms) = preSolution
		Debug|Any CPU = Debug|Any CPU
		Release|Any CPU = Release|Any CPU
	EndGlobalSection
	GlobalSection(ProjectConfigurationPlatforms) = postSolution
		{84E05149-5767-4DFF-98A4-03D98872A318}.Debug|Any CPU.ActiveCfg = Debug|Any CPU
		{84E05149-5767-4DFF-98A4-03D98872A318}.Debug|Any CPU.Build.0 = Debug|Any CPU
		{84E05149-5767-4DFF-98A4-03D98872A318}.Release|Any CPU.ActiveCfg = Release|Any CPU
		{84E05149-5767-4DFF-98A4-03D98872A318}.Release|Any CPU.Build.0 = Release|Any CPU
	EndGlobalSection
	GlobalSection(SolutionProperties) = preSolution
		HideSolutionNode = FALSE
	EndGlobalSection
	GlobalSection(ExtensibilityGlobals) = postSolution
		SolutionGuid = {4B5191B1-F520-4F7F-B95D-E0858A9F6C75}
	EndGlobalSection
EndGlobal
